{
  "name": "my-test-repo-by-github-mcp",
  "version": "1.0.0",
  "lockfileVersion": 3,
  "requires": true,
  "packages": {
    "": {
      "name": "my-test-repo-by-github-mcp",
      "version": "1.0.0",
      "license": "MIT",
      "dependencies": {
        "react": "^18.2.0",
        "react-dom": "^18.2.0"
      },
      "devDependencies": {
        "@rspack/cli": "^0.5.8",
        "@rspack/core": "^0.5.8",
        "@rspack/plugin-react-refresh": "^0.5.8",
        "@types/react": "^18.2.48",
        "@types/react-dom": "^18.2.18",
        "gh-pages": "^6.1.1",
        "typescript": "^5.3.3"
      }
    },
    "node_modules/@rspack/cli": {
      "version": "0.5.8",
      "resolved": "https://registry.npmjs.org/@rspack/cli/-/cli-0.5.8.tgz",
      "integrity": "sha512-GoIhFFotTLSzYKx1wECdTC1UG3K/aCpmriaKprx9NHmHFVhJU5VUz2g0Fq344/YyEmnV7+tv4LRB/DNRcajU9A==",
      "dev": true
    },
    "node_modules/@rspack/core": {
      "version": "0.5.8",
      "resolved": "https://registry.npmjs.org/@rspack/core/-/core-0.5.8.tgz",
      "integrity": "sha512-qlOBu/PVwxyTZOzvjZeV0g2XlgpwdPQgvLvRkfB7PTOyXJFGDRn9JAcygKMDgDQ/vwRw8uZW4J8fkKIqwGe1+g==",
      "dev": true
    },
    "node_modules/@rspack/plugin-react-refresh": {
      "version": "0.5.8",
      "resolved": "https://registry.npmjs.org/@rspack/plugin-react-refresh/-/plugin-react-refresh-0.5.8.tgz",
      "integrity": "sha512-FfkPmhSxAkBxnR0T1zgcQ0JytgCeQuLIGE/OOAkC6EBzNANppGA7eUE6QebK/2Q/QIGADsCSy/LkZM5J/gZnSA==",
      "dev": true
    },
    "node_modules/@types/react": {
      "version": "18.2.48",
      "resolved": "https://registry.npmjs.org/@types/react/-/react-18.2.48.tgz",
      "integrity": "sha512-qboRCl+ePNE+xuUjHLx37vLogH9goLkS4L/qAWrGnlHXdjTBImTVW7Bd0NVJLKVRpRWIjmGEIAUf4PyQoUXe1g==",
      "dev": true,
      "dependencies": {
        "@types/prop-types": "*",
        "@types/scheduler": "*",
        "csstype": "^3.0.2"
      }
    },
    "node_modules/@types/react-dom": {
      "version": "18.2.18",
      "resolved": "https://registry.npmjs.org/@types/react-dom/-/react-dom-18.2.18.tgz",
      "integrity": "sha512-TJV70YR+Za+qVIr6Wb6V0jJB2FvBDP8wJtZk5vgvuJ2KsQy3wof7+5VypXJCuQGDJ7iJalHxN7ZBpIpMVqS4QA==",
      "dev": true,
      "dependencies": {
        "@types/react": "*"
      }
    },
    "node_modules/gh-pages": {
      "version": "6.1.1",
      "resolved": "https://registry.npmjs.org/gh-pages/-/gh-pages-6.1.1.tgz",
      "integrity": "sha512-upnohf4xvx0qxwkxfLc2eY9vl3kLQtLmEa4ZhmrUSCX5GZpCXcMkUxC1D5D0qSmzLoOtLn+3qBKqZ844Lz+UA==",
      "dev": true,
      "dependencies": {
        "async": "^3.2.4",
        "commander": "^11.1.0",
        "email-addresses": "^5.0.0",
        "filenamify": "^4.3.0",
        "find-cache-dir": "^3.3.2",
        "fs-extra": "^11.1.1",
        "globby": "^6.1.0"
      },
      "bin": {
        "gh-pages": "bin/gh-pages.js",
        "gh-pages-clean": "bin/gh-pages-clean.js"
      },
      "engines": {
        "node": ">=10"
      }
    },
    "node_modules/react": {
      "version": "18.2.0",
      "resolved": "https://registry.npmjs.org/react/-/react-18.2.0.tgz",
      "integrity": "sha512-/3IjMdb2L9QbBdWiW5e3P2/npwMBaU9mHCSCUzNln0ZCYbcfTsGbTJrU/kGemdH2IWmB2ioZ+zkxtmq6g09fGQ==",
      "dependencies": {
        "loose-envify": "^1.1.0"
      },
      "engines": {
        "node": ">=0.10.0"
      }
    },
    "node_modules/react-dom": {
      "version": "18.2.0",
      "resolved": "https://registry.npmjs.org/react-dom/-/react-dom-18.2.0.tgz",
      "integrity": "sha512-6IMTriUmvsjHUjNtEDudZfuDQUoWXVxKHhlEGSk81n4YFS+r/Kl99wXiwlVXtPBtJenozv2P+hxDsw9eA7Xo6g==",
      "dependencies": {
        "loose-envify": "^1.1.0",
        "scheduler": "^0.23.0"
      },
      "peerDependencies": {
        "react": "^18.2.0"
      }
    },
    "node_modules/typescript": {
      "version": "5.3.3",
      "resolved": "https://registry.npmjs.org/typescript/-/typescript-5.3.3.tgz",
      "integrity": "sha512-pXWcraxM0uxAS+tN0AG/BF2TyqmHO014Z070UsJ+pFX7yUxcghdqRe7OiTBchTdjrFtQxS+mAkcmJAwas3C4zg==",
      "dev": true,
      "bin": {
        "tsc": "bin/tsc",
        "tsserver": "bin/tsserver"
      },
      "engines": {
        "node": ">=14.17"
      }
    }
  }
}